// !$*UTF8*$!
{
	archiveVersion = 1;
	classes = {
	};
	objectVersion = 48;
	objects = {

/* Begin PBXBuildFile section */
		E2D2175CEE12757BAF7ADB23 /* libPods-A_Category.a in Frameworks */ = {isa = PBXBuildFile; fileRef = 92417047CFD67ECF4F836FAB /* libPods-A_Category.a */; };
		FF778B3C207F598300D77040 /* AppDelegate.m in Sources */ = {isa = PBXBuildFile; fileRef = FF778B3B207F598300D77040 /* AppDelegate.m */; };
		FF778B3F207F598300D77040 /* ViewController.m in Sources */ = {isa = PBXBuildFile; fileRef = FF778B3E207F598300D77040 /* ViewController.m */; };
		FF778B42207F598300D77040 /* Main.storyboard in Resources */ = {isa = PBXBuildFile; fileRef = FF778B40207F598300D77040 /* Main.storyboard */; };
		FF778B44207F598300D77040 /* Assets.xcassets in Resources */ = {isa = PBXBuildFile; fileRef = FF778B43207F598300D77040 /* Assets.xcassets */; };
		FF778B47207F598300D77040 /* LaunchScreen.storyboard in Resources */ = {isa = PBXBuildFile; fileRef = FF778B45207F598300D77040 /* LaunchScreen.storyboard */; };
		FF778B4A207F598300D77040 /* main.m in Sources */ = {isa = PBXBuildFile; fileRef = FF778B49207F598300D77040 /* main.m */; };
		FF778B54207F598300D77040 /* A_CategoryTests.m in Sources */ = {isa = PBXBuildFile; fileRef = FF778B53207F598300D77040 /* A_CategoryTests.m */; };
		FF778B5F207F598300D77040 /* A_CategoryUITests.m in Sources */ = {isa = PBXBuildFile; fileRef = FF778B5E207F598300D77040 /* A_CategoryUITests.m */; };
		FF778B6F207F5B2000D77040 /* CTMediator+A.m in Sources */ = {isa = PBXBuildFile; fileRef = FF778B6E207F5B2000D77040 /* CTMediator+A.m */; };
/* End PBXBuildFile section */

/* Begin PBXContainerItemProxy section */
		FF778B50207F598300D77040 /* PBXContainerItemProxy */ = {
			isa = PBXContainerItemProxy;
			containerPortal = FF778B2F207F598300D77040 /* Project object */;
			proxyType = 1;
			remoteGlobalIDString = FF778B36207F598300D77040;
			remoteInfo = A_Category;
		};
		FF778B5B207F598300D77040 /* PBXContainerItemProxy */ = {
			isa = PBXContainerItemProxy;
			containerPortal = FF778B2F207F598300D77040 /* Project object */;
			proxyType = 1;
			remoteGlobalIDString = FF778B36207F598300D77040;
			remoteInfo = A_Category;
		};
/* End PBXContainerItemProxy section */

/* Begin PBXFileReference section */
		2800D6D1B901FC161A14F898 /* Pods-A_Category.release.xcconfig */ = {isa = PBXFileReference; includeInIndex = 1; lastKnownFileType = text.xcconfig; name = "Pods-A_Category.release.xcconfig"; path = "Pods/Target Support Files/Pods-A_Category/Pods-A_Category.release.xcconfig"; sourceTree = "<group>"; };
		92417047CFD67ECF4F836FAB /* libPods-A_Category.a */ = {isa = PBXFileReference; explicitFileType = archive.ar; includeInIndex = 0; path = "libPods-A_Category.a"; sourceTree = BUILT_PRODUCTS_DIR; };
		E445D07D1772864FE724B78A /* Pods-A_Category.debug.xcconfig */ = {isa = PBXFileReference; includeInIndex = 1; lastKnownFileType = text.xcconfig; name = "Pods-A_Category.debug.xcconfig"; path = "Pods/Target Support Files/Pods-A_Category/Pods-A_Category.debug.xcconfig"; sourceTree = "<group>"; };
		FF778B37207F598300D77040 /* A_Category.app */ = {isa = PBXFileReference; explicitFileType = wrapper.application; includeInIndex = 0; path = A_Category.app; sourceTree = BUILT_PRODUCTS_DIR; };
		FF778B3A207F598300D77040 /* AppDelegate.h */ = {isa = PBXFileReference; lastKnownFileType = sourcecode.c.h; path = AppDelegate.h; sourceTree = "<group>"; };
		FF778B3B207F598300D77040 /* AppDelegate.m */ = {isa = PBXFileReference; lastKnownFileType = sourcecode.c.objc; path = AppDelegate.m; sourceTree = "<group>"; };
		FF778B3D207F598300D77040 /* ViewController.h */ = {isa = PBXFileReference; lastKnownFileType = sourcecode.c.h; path = ViewController.h; sourceTree = "<group>"; };
		FF778B3E207F598300D77040 /* ViewController.m */ = {isa = PBXFileReference; lastKnownFileType = sourcecode.c.objc; path = ViewController.m; sourceTree = "<group>"; };
		FF778B41207F598300D77040 /* Base */ = {isa = PBXFileReference; lastKnownFileType = file.storyboard; name = Base; path = Base.lproj/Main.storyboard; sourceTree = "<group>"; };
		FF778B43207F598300D77040 /* Assets.xcassets */ = {isa = PBXFileReference; lastKnownFileType = folder.assetcatalog; path = Assets.xcassets; sourceTree = "<group>"; };
		FF778B46207F598300D77040 /* Base */ = {isa = PBXFileReference; lastKnownFileType = file.storyboard; name = Base; path = Base.lproj/LaunchScreen.storyboard; sourceTree = "<group>"; };
		FF778B48207F598300D77040 /* Info.plist */ = {isa = PBXFileReference; lastKnownFileType = text.plist.xml; path = Info.plist; sourceTree = "<group>"; };
		FF778B49207F598300D77040 /* main.m */ = {isa = PBXFileReference; lastKnownFileType = sourcecode.c.objc; path = main.m; sourceTree = "<group>"; };
		FF778B4F207F598300D77040 /* A_CategoryTests.xctest */ = {isa = PBXFileReference; explicitFileType = wrapper.cfbundle; includeInIndex = 0; path = A_CategoryTests.xctest; sourceTree = BUILT_PRODUCTS_DIR; };
		FF778B53207F598300D77040 /* A_CategoryTests.m */ = {isa = PBXFileReference; lastKnownFileType = sourcecode.c.objc; path = A_CategoryTests.m; sourceTree = "<group>"; };
		FF778B55207F598300D77040 /* Info.plist */ = {isa = PBXFileReference; lastKnownFileType = text.plist.xml; path = Info.plist; sourceTree = "<group>"; };
		FF778B5A207F598300D77040 /* A_CategoryUITests.xctest */ = {isa = PBXFileReference; explicitFileType = wrapper.cfbundle; includeInIndex = 0; path = A_CategoryUITests.xctest; sourceTree = BUILT_PRODUCTS_DIR; };
		FF778B5E207F598300D77040 /* A_CategoryUITests.m */ = {isa = PBXFileReference; lastKnownFileType = sourcecode.c.objc; path = A_CategoryUITests.m; sourceTree = "<group>"; };
		FF778B60207F598300D77040 /* Info.plist */ = {isa = PBXFileReference; lastKnownFileType = text.plist.xml; path = Info.plist; sourceTree = "<group>"; };
		FF778B6D207F5B2000D77040 /* CTMediator+A.h */ = {isa = PBXFileReference; lastKnownFileType = sourcecode.c.h; path = "CTMediator+A.h"; sourceTree = "<group>"; };
		FF778B6E207F5B2000D77040 /* CTMediator+A.m */ = {isa = PBXFileReference; lastKnownFileType = sourcecode.c.objc; path = "CTMediator+A.m"; sourceTree = "<group>"; };
/* End PBXFileReference section */

/* Begin PBXFrameworksBuildPhase section */
		FF778B34207F598300D77040 /* Frameworks */ = {
			isa = PBXFrameworksBuildPhase;
			buildActionMask = 2147483647;
			files = (
				E2D2175CEE12757BAF7ADB23 /* libPods-A_Category.a in Frameworks */,
			);
			runOnlyForDeploymentPostprocessing = 0;
		};
		FF778B4C207F598300D77040 /* Frameworks */ = {
			isa = PBXFrameworksBuildPhase;
			buildActionMask = 2147483647;
			files = (
			);
			runOnlyForDeploymentPostprocessing = 0;
		};
		FF778B57207F598300D77040 /* Frameworks */ = {
			isa = PBXFrameworksBuildPhase;
			buildActionMask = 2147483647;
			files = (
			);
			runOnlyForDeploymentPostprocessing = 0;
		};
/* End PBXFrameworksBuildPhase section */

/* Begin PBXGroup section */
		095802A128D0D728CF86AF5D /* Pods */ = {
			isa = PBXGroup;
			children = (
				E445D07D1772864FE724B78A /* Pods-A_Category.debug.xcconfig */,
				2800D6D1B901FC161A14F898 /* Pods-A_Category.release.xcconfig */,
			);
			name = Pods;
			sourceTree = "<group>";
		};
		3BA50709E449EA7B8D766713 /* Frameworks */ = {
			isa = PBXGroup;
			children = (
				92417047CFD67ECF4F836FAB /* libPods-A_Category.a */,
			);
			name = Frameworks;
			sourceTree = "<group>";
		};
		FF778B2E207F598300D77040 = {
			isa = PBXGroup;
			children = (
				FF778B39207F598300D77040 /* A_Category */,
				FF778B52207F598300D77040 /* A_CategoryTests */,
				FF778B5D207F598300D77040 /* A_CategoryUITests */,
				FF778B38207F598300D77040 /* Products */,
				095802A128D0D728CF86AF5D /* Pods */,
				3BA50709E449EA7B8D766713 /* Frameworks */,
			);
			sourceTree = "<group>";
		};
		FF778B38207F598300D77040 /* Products */ = {
			isa = PBXGroup;
			children = (
				FF778B37207F598300D77040 /* A_Category.app */,
				FF778B4F207F598300D77040 /* A_CategoryTests.xctest */,
				FF778B5A207F598300D77040 /* A_CategoryUITests.xctest */,
			);
			name = Products;
			sourceTree = "<group>";
		};
		FF778B39207F598300D77040 /* A_Category */ = {
			isa = PBXGroup;
			children = (
				FF778B6C207F5AF900D77040 /* A_Category */,
				FF778B3A207F598300D77040 /* AppDelegate.h */,
				FF778B3B207F598300D77040 /* AppDelegate.m */,
				FF778B3D207F598300D77040 /* ViewController.h */,
				FF778B3E207F598300D77040 /* ViewController.m */,
				FF778B40207F598300D77040 /* Main.storyboard */,
				FF778B43207F598300D77040 /* Assets.xcassets */,
				FF778B45207F598300D77040 /* LaunchScreen.storyboard */,
				FF778B48207F598300D77040 /* Info.plist */,
				FF778B49207F598300D77040 /* main.m */,
			);
			path = A_Category;
			sourceTree = "<group>";
		};
		FF778B52207F598300D77040 /* A_CategoryTests */ = {
			isa = PBXGroup;
			children = (
				FF778B53207F598300D77040 /* A_CategoryTests.m */,
				FF778B55207F598300D77040 /* Info.plist */,
			);
			path = A_CategoryTests;
			sourceTree = "<group>";
		};
		FF778B5D207F598300D77040 /* A_CategoryUITests */ = {
			isa = PBXGroup;
			children = (
				FF778B5E207F598300D77040 /* A_CategoryUITests.m */,
				FF778B60207F598300D77040 /* Info.plist */,
			);
			path = A_CategoryUITests;
			sourceTree = "<group>";
		};
		FF778B6C207F5AF900D77040 /* A_Category */ = {
			isa = PBXGroup;
			children = (
				FF778B6D207F5B2000D77040 /* CTMediator+A.h */,
				FF778B6E207F5B2000D77040 /* CTMediator+A.m */,
			);
			path = A_Category;
			sourceTree = "<group>";
		};
/* End PBXGroup section */

/* Begin PBXNativeTarget section */
		FF778B36207F598300D77040 /* A_Category */ = {
			isa = PBXNativeTarget;
			buildConfigurationList = FF778B63207F598300D77040 /* Build configuration list for PBXNativeTarget "A_Category" */;
			buildPhases = (
				2323D4ED6437C7936BF10383 /* [CP] Check Pods Manifest.lock */,
				FF778B33207F598300D77040 /* Sources */,
				FF778B34207F598300D77040 /* Frameworks */,
				FF778B35207F598300D77040 /* Resources */,
				A90BCA0519BD3FC6E3233A82 /* [CP] Embed Pods Frameworks */,
				D02113A4A26371172048A93B /* [CP] Copy Pods Resources */,
			);
			buildRules = (
			);
			dependencies = (
			);
			name = A_Category;
			productName = A_Category;
			productReference = FF778B37207F598300D77040 /* A_Category.app */;
			productType = "com.apple.product-type.application";
		};
		FF778B4E207F598300D77040 /* A_CategoryTests */ = {
			isa = PBXNativeTarget;
			buildConfigurationList = FF778B66207F598300D77040 /* Build configuration list for PBXNativeTarget "A_CategoryTests" */;
			buildPhases = (
				FF778B4B207F598300D77040 /* Sources */,
				FF778B4C207F598300D77040 /* Frameworks */,
				FF778B4D207F598300D77040 /* Resources */,
			);
			buildRules = (
			);
			dependencies = (
				FF778B51207F598300D77040 /* PBXTargetDependency */,
			);
			name = A_CategoryTests;
			productName = A_CategoryTests;
			productReference = FF778B4F207F598300D77040 /* A_CategoryTests.xctest */;
			productType = "com.apple.product-type.bundle.unit-test";
		};
		FF778B59207F598300D77040 /* A_CategoryUITests */ = {
			isa = PBXNativeTarget;
			buildConfigurationList = FF778B69207F598300D77040 /* Build configuration list for PBXNativeTarget "A_CategoryUITests" */;
			buildPhases = (
				FF778B56207F598300D77040 /* Sources */,
				FF778B57207F598300D77040 /* Frameworks */,
				FF778B58207F598300D77040 /* Resources */,
			);
			buildRules = (
			);
			dependencies = (
				FF778B5C207F598300D77040 /* PBXTargetDependency */,
			);
			name = A_CategoryUITests;
			productName = A_CategoryUITests;
			productReference = FF778B5A207F598300D77040 /* A_CategoryUITests.xctest */;
			productType = "com.apple.product-type.bundle.ui-testing";
		};
/* End PBXNativeTarget section */

/* Begin PBXProject section */
		FF778B2F207F598300D77040 /* Project object */ = {
			isa = PBXProject;
			attributes = {
				LastUpgradeCheck = 0920;
				ORGANIZATIONNAME = HFW;
				TargetAttributes = {
					FF778B36207F598300D77040 = {
						CreatedOnToolsVersion = 9.2;
						ProvisioningStyle = Automatic;
					};
					FF778B4E207F598300D77040 = {
						CreatedOnToolsVersion = 9.2;
						ProvisioningStyle = Automatic;
						TestTargetID = FF778B36207F598300D77040;
					};
					FF778B59207F598300D77040 = {
						CreatedOnToolsVersion = 9.2;
						ProvisioningStyle = Automatic;
						TestTargetID = FF778B36207F598300D77040;
					};
				};
			};
			buildConfigurationList = FF778B32207F598300D77040 /* Build configuration list for PBXProject "A_Category" */;
			compatibilityVersion = "Xcode 8.0";
			developmentRegion = en;
			hasScannedForEncodings = 0;
			knownRegions = (
				en,
				Base,
			);
			mainGroup = FF778B2E207F598300D77040;
			productRefGroup = FF778B38207F598300D77040 /* Products */;
			projectDirPath = "";
			projectRoot = "";
			targets = (
				FF778B36207F598300D77040 /* A_Category */,
				FF778B4E207F598300D77040 /* A_CategoryTests */,
				FF778B59207F598300D77040 /* A_CategoryUITests */,
			);
		};
/* End PBXProject section */

/* Begin PBXResourcesBuildPhase section */
		FF778B35207F598300D77040 /* Resources */ = {
			isa = PBXResourcesBuildPhase;
			buildActionMask = 2147483647;
			files = (
				FF778B47207F598300D77040 /* LaunchScreen.storyboard in Resources */,
				FF778B44207F598300D77040 /* Assets.xcassets in Resources */,
				FF778B42207F598300D77040 /* Main.storyboard in Resources */,
			);
			runOnlyForDeploymentPostprocessing = 0;
		};
		FF778B4D207F598300D77040 /* Resources */ = {
			isa = PBXResourcesBuildPhase;
			buildActionMask = 2147483647;
			files = (
			);
			runOnlyForDeploymentPostprocessing = 0;
		};
		FF778B58207F598300D77040 /* Resources */ = {
			isa = PBXResourcesBuildPhase;
			buildActionMask = 2147483647;
			files = (
			);
			runOnlyForDeploymentPostprocessing = 0;
		};
/* End PBXResourcesBuildPhase section */

/* Begin PBXShellScriptBuildPhase section */
		2323D4ED6437C7936BF10383 /* [CP] Check Pods Manifest.lock */ = {
			isa = PBXShellScriptBuildPhase;
			buildActionMask = 2147483647;
			files = (
			);
			inputPaths = (
			);
			name = "[CP] Check Pods Manifest.lock";
			outputPaths = (
			);
			runOnlyForDeploymentPostprocessing = 0;
			shellPath = /bin/sh;
			shellScript = "diff \"${PODS_PODFILE_DIR_PATH}/Podfile.lock\" \"${PODS_ROOT}/Manifest.lock\" > /dev/null\nif [ $? != 0 ] ; then\n    # print error to STDERR\n    echo \"error: The sandbox is not in sync with the Podfile.lock. Run 'pod install' or update your CocoaPods installation.\" >&2\n    exit 1\nfi\n";
			showEnvVarsInLog = 0;
		};
		A90BCA0519BD3FC6E3233A82 /* [CP] Embed Pods Frameworks */ = {
			isa = PBXShellScriptBuildPhase;
			buildActionMask = 2147483647;
			files = (
			);
			inputPaths = (
			);
			name = "[CP] Embed Pods Frameworks";
			outputPaths = (
			);
			runOnlyForDeploymentPostprocessing = 0;
			shellPath = /bin/sh;
			shellScript = "\"${SRCROOT}/Pods/Target Support Files/Pods-A_Category/Pods-A_Category-frameworks.sh\"\n";
			showEnvVarsInLog = 0;
		};
		D02113A4A26371172048A93B /* [CP] Copy Pods Resources */ = {
			isa = PBXShellScriptBuildPhase;
			buildActionMask = 2147483647;
			files = (
			);
			inputPaths = (
			);
			name = "[CP] Copy Pods Resources";
			outputPaths = (
			);
			runOnlyForDeploymentPostprocessing = 0;
			shellPath = /bin/sh;
			shellScript = "\"${SRCROOT}/Pods/Target Support Files/Pods-A_Category/Pods-A_Category-resources.sh\"\n";
			showEnvVarsInLog = 0;
		};
/* End PBXShellScriptBuildPhase section */

/* Begin PBXSourcesBuildPhase section */
		FF778B33207F598300D77040 /* Sources */ = {
			isa = PBXSourcesBuildPhase;
			buildActionMask = 2147483647;
			files = (
				FF778B3F207F598300D77040 /* ViewController.m in Sources */,
				FF778B6F207F5B2000D77040 /* CTMediator+A.m in Sources */,
				FF778B4A207F598300D77040 /* main.m in Sources */,
				FF778B3C207F598300D77040 /* AppDelegate.m in Sources */,
			);
			runOnlyForDeploymentPostprocessing = 0;
		};
		FF778B4B207F598300D77040 /* Sources */ = {
			isa = PBXSourcesBuildPhase;
			buildActionMask = 2147483647;
			files = (
				FF778B54207F598300D77040 /* A_CategoryTests.m in Sources */,
			);
			runOnlyForDeploymentPostprocessing = 0;
		};
		FF778B56207F598300D77040 /* Sources */ = {
			isa = PBXSourcesBuildPhase;
			buildActionMask = 2147483647;
			files = (
				FF778B5F207F598300D77040 /* A_CategoryUITests.m in Sources */,
			);
			runOnlyForDeploymentPostprocessing = 0;
		};
/* End PBXSourcesBuildPhase section */

/* Begin PBXTargetDependency section */
		FF778B51207F598300D77040 /* PBXTargetDependency */ = {
			isa = PBXTargetDependency;
			target = FF778B36207F598300D77040 /* A_Category */;
			targetProxy = FF778B50207F598300D77040 /* PBXContainerItemProxy */;
		};
		FF778B5C207F598300D77040 /* PBXTargetDependency */ = {
			isa = PBXTargetDependency;
			target = FF778B36207F598300D77040 /* A_Category */;
			targetProxy = FF778B5B207F598300D77040 /* PBXContainerItemProxy */;
		};
/* End PBXTargetDependency section */

/* Begin PBXVariantGroup section */
		FF778B40207F598300D77040 /* Main.storyboard */ = {
			isa = PBXVariantGroup;
			children = (
				FF778B41207F598300D77040 /* Base */,
			);
			name = Main.storyboard;
			sourceTree = "<group>";
		};
		FF778B45207F598300D77040 /* LaunchScreen.storyboard */ = {
			isa = PBXVariantGroup;
			children = (
				FF778B46207F598300D77040 /* Base */,
			);
			name = LaunchScreen.storyboard;
			sourceTree = "<group>";
		};
/* End PBXVariantGroup section */

/* Begin XCBuildConfiguration section */
		FF778B61207F598300D77040 /* Debug */ = {
			isa = XCBuildConfiguration;
			buildSettings = {
				ALWAYS_SEARCH_USER_PATHS = NO;
				CLANG_ANALYZER_NONNULL = YES;
				CLANG_ANALYZER_NUMBER_OBJECT_CONVERSION = YES_AGGRESSIVE;
				CLANG_CXX_LANGUAGE_STANDARD = "gnu++14";
				CLANG_CXX_LIBRARY = "libc++";
				CLANG_ENABLE_MODULES = YES;
				CLANG_ENABLE_OBJC_ARC = YES;
				CLANG_WARN_BLOCK_CAPTURE_AUTORELEASING = YES;
				CLANG_WARN_BOOL_CONVERSION = YES;
				CLANG_WARN_COMMA = YES;
				CLANG_WARN_CONSTANT_CONVERSION = YES;
				CLANG_WARN_DIRECT_OBJC_ISA_USAGE = YES_ERROR;
				CLANG_WARN_DOCUMENTATION_COMMENTS = YES;
				CLANG_WARN_EMPTY_BODY = YES;
				CLANG_WARN_ENUM_CONVERSION = YES;
				CLANG_WARN_INFINITE_RECURSION = YES;
				CLANG_WARN_INT_CONVERSION = YES;
				CLANG_WARN_NON_LITERAL_NULL_CONVERSION = YES;
				CLANG_WARN_OBJC_LITERAL_CONVERSION = YES;
				CLANG_WARN_OBJC_ROOT_CLASS = YES_ERROR;
				CLANG_WARN_RANGE_LOOP_ANALYSIS = YES;
				CLANG_WARN_STRICT_PROTOTYPES = YES;
				CLANG_WARN_SUSPICIOUS_MOVE = YES;
				CLANG_WARN_UNGUARDED_AVAILABILITY = YES_AGGRESSIVE;
				CLANG_WARN_UNREACHABLE_CODE = YES;
				CLANG_WARN__DUPLICATE_METHOD_MATCH = YES;
				CODE_SIGN_IDENTITY = "iPhone Developer";
				COPY_PHASE_STRIP = NO;
				DEBUG_INFORMATION_FORMAT = dwarf;
				ENABLE_STRICT_OBJC_MSGSEND = YES;
				ENABLE_TESTABILITY = YES;
				GCC_C_LANGUAGE_STANDARD = gnu11;
				GCC_DYNAMIC_NO_PIC = NO;
				GCC_NO_COMMON_BLOCKS = YES;
				GCC_OPTIMIZATION_LEVEL = 0;
				GCC_PREPROCESSOR_DEFINITIONS = (
					"DEBUG=1",
					"$(inherited)",
				);
				GCC_WARN_64_TO_32_BIT_CONVERSION = YES;
				GCC_WARN_ABOUT_RETURN_TYPE = YES_ERROR;
				GCC_WARN_UNDECLARED_SELECTOR = YES;
				GCC_WARN_UNINITIALIZED_AUTOS = YES_AGGRESSIVE;
				GCC_WARN_UNUSED_FUNCTION = YES;
				GCC_WARN_UNUSED_VARIABLE = YES;
				IPHONEOS_DEPLOYMENT_TARGET = 11.2;
				MTL_ENABLE_DEBUG_INFO = YES;
				ONLY_ACTIVE_ARCH = YES;
				SDKROOT = iphoneos;
			};
			name = Debug;
		};
		FF778B62207F598300D77040 /* Release */ = {
			isa = XCBuildConfiguration;
			buildSettings = {
				ALWAYS_SEARCH_USER_PATHS = NO;
				CLANG_ANALYZER_NONNULL = YES;
				CLANG_ANALYZER_NUMBER_OBJECT_CONVERSION = YES_AGGRESSIVE;
				CLANG_CXX_LANGUAGE_STANDARD = "gnu++14";
				CLANG_CXX_LIBRARY = "libc++";
				CLANG_ENABLE_MODULES = YES;
				CLANG_ENABLE_OBJC_ARC = YES;
				CLANG_WARN_BLOCK_CAPTURE_AUTORELEASING = YES;
				CLANG_WARN_BOOL_CONVERSION = YES;
				CLANG_WARN_COMMA = YES;
				CLANG_WARN_CONSTANT_CONVERSION = YES;
				CLANG_WARN_DIRECT_OBJC_ISA_USAGE = YES_ERROR;
				CLANG_WARN_DOCUMENTATION_COMMENTS = YES;
				CLANG_WARN_EMPTY_BODY = YES;
				CLANG_WARN_ENUM_CONVERSION = YES;
				CLANG_WARN_INFINITE_RECURSION = YES;
				CLANG_WARN_INT_CONVERSION = YES;
				CLANG_WARN_NON_LITERAL_NULL_CONVERSION = YES;
				CLANG_WARN_OBJC_LITERAL_CONVERSION = YES;
				CLANG_WARN_OBJC_ROOT_CLASS = YES_ERROR;
				CLANG_WARN_RANGE_LOOP_ANALYSIS = YES;
				CLANG_WARN_STRICT_PROTOTYPES = YES;
				CLANG_WARN_SUSPICIOUS_MOVE = YES;
				CLANG_WARN_UNGUARDED_AVAILABILITY = YES_AGGRESSIVE;
				CLANG_WARN_UNREACHABLE_CODE = YES;
				CLANG_WARN__DUPLICATE_METHOD_MATCH = YES;
				CODE_SIGN_IDENTITY = "iPhone Developer";
				COPY_PHASE_STRIP = NO;
				DEBUG_INFORMATION_FORMAT = "dwarf-with-dsym";
				ENABLE_NS_ASSERTIONS = NO;
				ENABLE_STRICT_OBJC_MSGSEND = YES;
				GCC_C_LANGUAGE_STANDARD = gnu11;
				GCC_NO_COMMON_BLOCKS = YES;
				GCC_WARN_64_TO_32_BIT_CONVERSION = YES;
				GCC_WARN_ABOUT_RETURN_TYPE = YES_ERROR;
				GCC_WARN_UNDECLARED_SELECTOR = YES;
				GCC_WARN_UNINITIALIZED_AUTOS = YES_AGGRESSIVE;
				GCC_WARN_UNUSED_FUNCTION = YES;
				GCC_WARN_UNUSED_VARIABLE = YES;
				IPHONEOS_DEPLOYMENT_TARGET = 11.2;
				MTL_ENABLE_DEBUG_INFO = NO;
				SDKROOT = iphoneos;
				VALIDATE_PRODUCT = YES;
			};
			name = Release;
		};
		FF778B64207F598300D77040 /* Debug */ = {
			isa = XCBuildConfiguration;
			baseConfigurationReference = E445D07D1772864FE724B78A /* Pods-A_Category.debug.xcconfig */;
			buildSettings = {
				ASSETCATALOG_COMPILER_APPICON_NAME = AppIcon;
				CODE_SIGN_STYLE = Automatic;
				DEVELOPMENT_TEAM = 6LMP7Q8M95;
				INFOPLIST_FILE = A_Category/Info.plist;
				LD_RUNPATH_SEARCH_PATHS = "$(inherited) @executable_path/Frameworks";
				PRODUCT_BUNDLE_IDENTIFIER = "com.MGCion.A-Category";
				PRODUCT_NAME = "$(TARGET_NAME)";
				TARGETED_DEVICE_FAMILY = "1,2";
			};
			name = Debug;
		};
		FF778B65207F598300D77040 /* Release */ = {
			isa = XCBuildConfiguration;
			baseConfigurationReference = 2800D6D1B901FC161A14F898 /* Pods-A_Category.release.xcconfig */;
			buildSettings = {
				ASSETCATALOG_COMPILER_APPICON_NAME = AppIcon;
				CODE_SIGN_STYLE = Automatic;
				DEVELOPMENT_TEAM = 6LMP7Q8M95;
				INFOPLIST_FILE = A_Category/Info.plist;
				LD_RUNPATH_SEARCH_PATHS = "$(inherited) @executable_path/Frameworks";
				PRODUCT_BUNDLE_IDENTIFIER = "com.MGCion.A-Category";
				PRODUCT_NAME = "$(TARGET_NAME)";
				TARGETED_DEVICE_FAMILY = "1,2";
			};
			name = Release;
		};
		FF778B67207F598300D77040 /* Debug */ = {
			isa = XCBuildConfiguration;
			buildSettings = {
				BUNDLE_LOADER = "$(TEST_HOST)";
				CODE_SIGN_STYLE = Automatic;
				DEVELOPMENT_TEAM = 6LMP7Q8M95;
				INFOPLIST_FILE = A_CategoryTests/Info.plist;
				LD_RUNPATH_SEARCH_PATHS = "$(inherited) @executable_path/Frameworks @loader_path/Frameworks";
				PRODUCT_BUNDLE_IDENTIFIER = "com.MGCion.A-CategoryTests";
				PRODUCT_NAME = "$(TARGET_NAME)";
				TARGETED_DEVICE_FAMILY = "1,2";
				TEST_HOST = "$(BUILT_PRODUCTS_DIR)/A_Category.app/A_Category";
			};
			name = Debug;
		};
		FF778B68207F598300D77040 /* Release */ = {
			isa = XCBuildConfiguration;
			buildSettings = {
				BUNDLE_LOADER = "$(TEST_HOST)";
				CODE_SIGN_STYLE = Automatic;
				DEVELOPMENT_TEAM = 6LMP7Q8M95;
				INFOPLIST_FILE = A_CategoryTests/Info.plist;
				LD_RUNPATH_SEARCH_PATHS = "$(inherited) @executable_path/Frameworks @loader_path/Frameworks";
				PRODUCT_BUNDLE_IDENTIFIER = "com.MGCion.A-CategoryTests";
				PRODUCT_NAME = "$(TARGET_NAME)";
				TARGETED_DEVICE_FAMILY = "1,2";
				TEST_HOST = "$(BUILT_PRODUCTS_DIR)/A_Category.app/A_Category";
			};
			name = Release;
		};
		FF778B6A207F598300D77040 /* Debug */ = {
			isa = XCBuildConfiguration;
			buildSettings = {
				CODE_SIGN_STYLE = Automatic;
				DEVELOPMENT_TEAM = 6LMP7Q8M95;
				INFOPLIST_FILE = A_CategoryUITests/Info.plist;
				LD_RUNPATH_SEARCH_PATHS = "$(inherited) @executable_path/Frameworks @loader_path/Frameworks";
				PRODUCT_BUNDLE_IDENTIFIER = "com.MGCion.A-CategoryUITests";
				PRODUCT_NAME = "$(TARGET_NAME)";
				TARGETED_DEVICE_FAMILY = "1,2";
				TEST_TARGET_NAME = A_Category;
			};
			name = Debug;
		};
		FF778B6B207F598300D77040 /* Release */ = {
			isa = XCBuildConfiguration;
			buildSettings = {
				CODE_SIGN_STYLE = Automatic;
				DEVELOPMENT_TEAM = 6LMP7Q8M95;
				INFOPLIST_FILE = A_CategoryUITests/Info.plist;
				LD_RUNPATH_SEARCH_PATHS = "$(inherited) @executable_path/Frameworks @loader_path/Frameworks";
				PRODUCT_BUNDLE_IDENTIFIER = "com.MGCion.A-CategoryUITests";
				PRODUCT_NAME = "$(TARGET_NAME)";
				TARGETED_DEVICE_FAMILY = "1,2";
				TEST_TARGET_NAME = A_Category;
			};
			name = Release;
		};
/* End XCBuildConfiguration section */

/* Begin XCConfigurationList section */
		FF778B32207F598300D77040 /* Build configuration list for PBXProject "A_Category" */ = {
			isa = XCConfigurationList;
			buildConfigurations = (
				FF778B61207F598300D77040 /* Debug */,
				FF778B62207F598300D77040 /* Release */,
			);
			defaultConfigurationIsVisible = 0;
			defaultConfigurationName = Release;
		};
		FF778B63207F598300D77040 /* Build configuration list for PBXNativeTarget "A_Category" */ = {
			isa = XCConfigurationList;
			buildConfigurations = (
				FF778B64207F598300D77040 /* Debug */,
				FF778B65207F598300D77040 /* Release */,
			);
			defaultConfigurationIsVisible = 0;
			defaultConfigurationName = Release;
		};
		FF778B66207F598300D77040 /* Build configuration list for PBXNativeTarget "A_CategoryTests" */ = {
			isa = XCConfigurationList;
			buildConfigurations = (
				FF778B67207F598300D77040 /* Debug */,
				FF778B68207F598300D77040 /* Release */,
			);
			defaultConfigurationIsVisible = 0;
			defaultConfigurationName = Release;
		};
		FF778B69207F598300D77040 /* Build configuration list for PBXNativeTarget "A_CategoryUITests" */ = {
			isa = XCConfigurationList;
			buildConfigurations = (
				FF778B6A207F598300D77040 /* Debug */,
				FF778B6B207F598300D77040 /* Release */,
			);
			defaultConfigurationIsVisible = 0;
			defaultConfigurationName = Release;
		};
/* End XCConfigurationList section */
	};
	rootObject = FF778B2F207F598300D77040 /* Project object */;
}
